
Microsoft Visual Studio Solution File, Format Version 12.00
# Visual Studio Version 17
VisualStudioVersion = 17.4.33213.308
MinimumVisualStudioVersion = 10.0.40219.1
Project("{8BC9CEB8-8B4A-11D0-8D11-00A0C91BC942}") = "ShanonFano", "ShanonFano\ShanonFano.vcxproj", "{8ADFC8A4-E1A0-4449-9761-75940713DED8}"
EndProject
Global
	GlobalSection(SolutionConfigurationPlatforms) = preSolution
		Debug|x64 = Debug|x64
		Debug|x86 = Debug|x86
		Release|x64 = Release|x64
		Release|x86 = Release|x86
	EndGlobalSection
	GlobalSection(ProjectConfigurationPlatforms) = postSolution
		{8ADFC8A4-E1A0-4449-9761-75940713DED8}.Debug|x64.ActiveCfg = Debug|x64
		{8ADFC8A4-E1A0-4449-9761-75940713DED8}.Debug|x64.Build.0 = Debug|x64
		{8ADFC8A4-E1A0-4449-9761-75940713DED8}.Debug|x86.ActiveCfg = Debug|Win32
		{8ADFC8A4-E1A0-4449-9761-75940713DED8}.Debug|x86.Build.0 = Debug|Win32
		{8ADFC8A4-E1A0-4449-9761-75940713DED8}.Release|x64.ActiveCfg = Release|x64
		{8ADFC8A4-E1A0-4449-9761-75940713DED8}.Release|x64.Build.0 = Release|x64
		{8ADFC8A4-E1A0-4449-9761-75940713DED8}.Release|x86.ActiveCfg = Release|Win32
		{8ADFC8A4-E1A0-4449-9761-75940713DED8}.Release|x86.Build.0 = Release|Win32
	EndGlobalSection
	GlobalSection(SolutionProperties) = preSolution
		HideSolutionNode = FALSE
	EndGlobalSection
	GlobalSection(ExtensibilityGlobals) = postSolution
		SolutionGuid = {E0CCD8AE-7E6B-4060-B4ED-D4ED0441BA90}
	EndGlobalSection
EndGlobal
